
Microsoft Visual Studio Solution File, Format Version 12.00
# Visual Studio Version 17
VisualStudioVersion = 17.13.35806.99 d17.13
MinimumVisualStudioVersion = 10.0.40219.1
Project("{FAE04EC0-301F-11D3-BF4B-00C04F79EFBC}") = "Presentation", "Presentation\Presentation.csproj", "{6FB82F60-18EE-4ED5-881F-A9363D01DA3F}"
EndProject
Project("{FAE04EC0-301F-11D3-BF4B-00C04F79EFBC}") = "Data", "Data\Data.csproj", "{75AD3936-A259-4816-AC75-8FF0B3FA9AE4}"
EndProject
Project("{FAE04EC0-301F-11D3-BF4B-00C04F79EFBC}") = "Entities", "Entities\Entities.csproj", "{D57DE6F0-DAC4-48E1-88A2-C41CBEA3D986}"
EndProject
Global
	GlobalSection(SolutionConfigurationPlatforms) = preSolution
		Debug|Any CPU = Debug|Any CPU
		Release|Any CPU = Release|Any CPU
	EndGlobalSection
	GlobalSection(ProjectConfigurationPlatforms) = postSolution
		{6FB82F60-18EE-4ED5-881F-A9363D01DA3F}.Debug|Any CPU.ActiveCfg = Debug|Any CPU
		{6FB82F60-18EE-4ED5-881F-A9363D01DA3F}.Debug|Any CPU.Build.0 = Debug|Any CPU
		{6FB82F60-18EE-4ED5-881F-A9363D01DA3F}.Release|Any CPU.ActiveCfg = Release|Any CPU
		{6FB82F60-18EE-4ED5-881F-A9363D01DA3F}.Release|Any CPU.Build.0 = Release|Any CPU
		{75AD3936-A259-4816-AC75-8FF0B3FA9AE4}.Debug|Any CPU.ActiveCfg = Debug|Any CPU
		{75AD3936-A259-4816-AC75-8FF0B3FA9AE4}.Debug|Any CPU.Build.0 = Debug|Any CPU
		{75AD3936-A259-4816-AC75-8FF0B3FA9AE4}.Release|Any CPU.ActiveCfg = Release|Any CPU
		{75AD3936-A259-4816-AC75-8FF0B3FA9AE4}.Release|Any CPU.Build.0 = Release|Any CPU
		{D57DE6F0-DAC4-48E1-88A2-C41CBEA3D986}.Debug|Any CPU.ActiveCfg = Debug|Any CPU
		{D57DE6F0-DAC4-48E1-88A2-C41CBEA3D986}.Debug|Any CPU.Build.0 = Debug|Any CPU
		{D57DE6F0-DAC4-48E1-88A2-C41CBEA3D986}.Release|Any CPU.ActiveCfg = Release|Any CPU
		{D57DE6F0-DAC4-48E1-88A2-C41CBEA3D986}.Release|Any CPU.Build.0 = Release|Any CPU
	EndGlobalSection
	GlobalSection(SolutionProperties) = preSolution
		HideSolutionNode = FALSE
	EndGlobalSection
	GlobalSection(ExtensibilityGlobals) = postSolution
		SolutionGuid = {E869B105-1A02-41EE-A999-17F9330D00B3}
	EndGlobalSection
EndGlobal
